{
  "name": "beth-todos",
  "version": "1.0.50",
  "lockfileVersion": 3,
  "requires": true,
  "packages": {
    "": {
      "name": "beth-todos",
      "version": "1.0.50",
      "dependencies": {
        "@elysiajs/static": "^0.7.1",
        "consola": "^3.2.3",
        "elysia": "latest",
        "uncrypto": "^0.1.3"
      },
      "devDependencies": {
        "@biomejs/biome": "1.2.2",
        "@elysiajs/html": "^0.7.0",
        "bun-types": "latest",
        "typed-html": "^3.0.1"
      }
    },
    "node_modules/@biomejs/biome": {
      "version": "1.2.2",
      "resolved": "https://registry.npmjs.org/@biomejs/biome/-/biome-1.2.2.tgz",
      "integrity": "sha512-fXwXi56ZdaKO/N3rTmhWw41UxstoviODk+wia4WWNSlm23r8xJ/NxjaZ88scV2IsmsFHqc8rmwb2dkrStAdIEw==",
      "dev": true,
      "hasInstallScript": true,
      "bin": {
        "biome": "bin/biome"
      },
      "engines": {
        "node": ">=14.*"
      },
      "optionalDependencies": {
        "@biomejs/cli-darwin-arm64": "1.2.2",
        "@biomejs/cli-darwin-x64": "1.2.2",
        "@biomejs/cli-linux-arm64": "1.2.2",
        "@biomejs/cli-linux-x64": "1.2.2",
        "@biomejs/cli-win32-arm64": "1.2.2",
        "@biomejs/cli-win32-x64": "1.2.2"
      }
    },
    "node_modules/@biomejs/cli-darwin-arm64": {
      "version": "1.2.2",
      "resolved": "https://registry.npmjs.org/@biomejs/cli-darwin-arm64/-/cli-darwin-arm64-1.2.2.tgz",
      "integrity": "sha512-Fx1IURKhoqH6wPawtKLT6wcfMSjRRcNK8+VWau0iDOjXvNtjJpSmICbU89B7Vt/gZRwPqkfDMBkFwm6V5vFTSQ==",
      "cpu": [
        "arm64"
      ],
      "dev": true,
      "optional": true,
      "os": [
        "darwin"
      ],
      "engines": {
        "node": ">=14.*"
      }
    },
    "node_modules/@biomejs/cli-darwin-x64": {
      "version": "1.2.2",
      "resolved": "https://registry.npmjs.org/@biomejs/cli-darwin-x64/-/cli-darwin-x64-1.2.2.tgz",
      "integrity": "sha512-JNaAFOI/ZisnmzvcFNd73geJxaFaN2L4YsWM6cgBeKyLY/ycl9C/PBTFfEmeB1c7f5XIIal8P2cj47kLJpN5Ig==",
      "cpu": [
        "x64"
      ],
      "dev": true,
      "optional": true,
      "os": [
        "darwin"
      ],
      "engines": {
        "node": ">=14.*"
      }
    },
    "node_modules/@biomejs/cli-linux-arm64": {
      "version": "1.2.2",
      "resolved": "https://registry.npmjs.org/@biomejs/cli-linux-arm64/-/cli-linux-arm64-1.2.2.tgz",
      "integrity": "sha512-JHXRnfhOLx8UO/Fcyn2c5pFRri0XKqRZm2wf5oH5GSfLVpckDw2X15dYGbu3nmfM/3pcAaTV46pUpjrCnaAieg==",
      "cpu": [
        "arm64"
      ],
      "dev": true,
      "optional": true,
      "os": [
        "linux"
      ],
      "engines": {
        "node": ">=14.*"
      }
    },
    "node_modules/@biomejs/cli-linux-x64": {
      "version": "1.2.2",
      "resolved": "https://registry.npmjs.org/@biomejs/cli-linux-x64/-/cli-linux-x64-1.2.2.tgz",
      "integrity": "sha512-5Zr+iM7lUKsw81p9PkXRESuH2/AhRZ6RCWkgE+FSLcxMhXy/4RDR+o2YQDsJM6cWKIzOJM05vDHTGrDq7vXE4A==",
      "cpu": [
        "x64"
      ],
      "dev": true,
      "optional": true,
      "os": [
        "linux"
      ],
      "engines": {
        "node": ">=14.*"
      }
    },
    "node_modules/@biomejs/cli-win32-arm64": {
      "version": "1.2.2",
      "resolved": "https://registry.npmjs.org/@biomejs/cli-win32-arm64/-/cli-win32-arm64-1.2.2.tgz",
      "integrity": "sha512-HvUcG2p++RvYP0zfOqh+DgiUUH+JI/uETr0kzWlOJ9F3lsG525pkywg4RSd4OvJd7Wpd3wt3UpN/A4IEJaVmbA==",
      "cpu": [
        "arm64"
      ],
      "dev": true,
      "optional": true,
      "os": [
        "win32"
      ],
      "engines": {
        "node": ">=14.*"
      }
    },
    "node_modules/@biomejs/cli-win32-x64": {
      "version": "1.2.2",
      "resolved": "https://registry.npmjs.org/@biomejs/cli-win32-x64/-/cli-win32-x64-1.2.2.tgz",
      "integrity": "sha512-bfaFJwqJ9ApFga2o88OaROSd3pasYRzRGXHJWAE9VUUKdSNSTYxHOqVrNvV54yYPtL6Kt9xkuZa4HNu9it3TaA==",
      "cpu": [
        "x64"
      ],
      "dev": true,
      "optional": true,
      "os": [
        "win32"
      ],
      "engines": {
        "node": ">=14.*"
      }
    },
    "node_modules/@elysiajs/html": {
      "version": "0.7.3",
      "resolved": "https://registry.npmjs.org/@elysiajs/html/-/html-0.7.3.tgz",
      "integrity": "sha512-F9WSfGsdym35NOz4WGXx0RbasBekJ8uW2rYufOpVyGTBLnFerGNfVZnOBAVrpsSEHeLL1O5Cxr0BCfF5tGabaA==",
      "dev": true,
      "dependencies": {
        "@kitajs/html": "^3.0.2",
        "@kitajs/ts-html-plugin": "^1.2.0"
      },
      "peerDependencies": {
        "@kitajs/html": ">= 3.0.0",
        "elysia": ">= 0.7.15"
      },
      "peerDependenciesMeta": {
        "@kitajs/html": {
          "optional": true
        },
        "@kitajs/ts-html-plugin": {
          "optional": true
        }
      }
    },
    "node_modules/@elysiajs/static": {
      "version": "0.7.1",
      "resolved": "https://registry.npmjs.org/@elysiajs/static/-/static-0.7.1.tgz",
      "integrity": "sha512-cplVWo3fpHK+Iqatdel0ldoZPZYzxFX9i1pk+QyX45AoEFTAVX7EpGrWcK4PXufudg0GDQD7q2RM5kI/STwroQ==",
      "peerDependencies": {
        "elysia": ">= 0.7.9"
      }
    },
    "node_modules/@kitajs/html": {
      "version": "3.1.2",
      "resolved": "https://registry.npmjs.org/@kitajs/html/-/html-3.1.2.tgz",
      "integrity": "sha512-igMLn8VCrAyjFuK1OOsCkiiu95EQ+hK/C96moz9+MzX3lsMukZO/AqXRxdhTeB80AtE61pL+lUTuwTkqz/s+rQ==",
      "dev": true,
      "dependencies": {
        "csstype": "^3.1.3"
      },
      "engines": {
        "node": ">=12"
      },
      "funding": {
        "url": "https://github.com/kitajs/html?sponsor=1"
      },
      "peerDependencies": {
        "@kitajs/ts-html-plugin": ">=1.3.3"
      }
    },
    "node_modules/@kitajs/ts-html-plugin": {
      "version": "1.3.4",
      "resolved": "https://registry.npmjs.org/@kitajs/ts-html-plugin/-/ts-html-plugin-1.3.4.tgz",
      "integrity": "sha512-AAht1OvLkQizJ59DM70qBgb0VwdyW9KUtDaH66JrfanMMvSSoM598WspJrVdVbe50olw69H+nnTj0lEfNDVmPQ==",
      "dev": true,
      "dependencies": {
        "chalk": "^4.1.2",
        "tslib": "^2.6.2",
        "yargs": "^17.7.2"
      },
      "bin": {
        "ts-html-plugin": "dist/cli.js",
        "xss-scan": "dist/cli.js"
      },
      "funding": {
        "url": "https://github.com/kitajs/ts-html-plugin?sponsor=1"
      },
      "peerDependencies": {
        "@kitajs/html": "^3.1.1",
        "typescript": "^5.2.2"
      }
    },
    "node_modules/@sinclair/typebox": {
      "version": "0.34.25",
      "resolved": "https://registry.npmjs.org/@sinclair/typebox/-/typebox-0.34.25.tgz",
      "integrity": "sha512-gu+tdy9WZIRulrR4CAcGXZAAixwakKszkUXudMJ4EhtNflBEify5Pm5vnVEVqdmMkxnT4tcdfJps5XYqaNeF9Q=="
    },
    "node_modules/@types/node": {
      "version": "22.13.4",
      "resolved": "https://registry.npmjs.org/@types/node/-/node-22.13.4.tgz",
      "integrity": "sha512-ywP2X0DYtX3y08eFVx5fNIw7/uIv8hYUKgXoK8oayJlLnKcRfEYCxWMVE1XagUdVtCJlZT1AU4LXEABW+L1Peg==",
      "dev": true,
      "dependencies": {
        "undici-types": "~6.20.0"
      }
    },
    "node_modules/@types/ws": {
      "version": "8.5.14",
      "resolved": "https://registry.npmjs.org/@types/ws/-/ws-8.5.14.tgz",
      "integrity": "sha512-bd/YFLW+URhBzMXurx7lWByOu+xzU9+kb3RboOteXYDfW+tr+JZa99OyNmPINEGB/ahzKrEuc8rcv4gnpJmxTw==",
      "dev": true,
      "dependencies": {
        "@types/node": "*"
      }
    },
    "node_modules/ansi-regex": {
      "version": "5.0.1",
      "resolved": "https://registry.npmjs.org/ansi-regex/-/ansi-regex-5.0.1.tgz",
      "integrity": "sha512-quJQXlTSUGL2LH9SUXo8VwsY4soanhgo6LNSm84E1LBcE8s3O0wpdiRzyR9z/ZZJMlMWv37qOOb9pdJlMUEKFQ==",
      "dev": true,
      "engines": {
        "node": ">=8"
      }
    },
    "node_modules/ansi-styles": {
      "version": "4.3.0",
      "resolved": "https://registry.npmjs.org/ansi-styles/-/ansi-styles-4.3.0.tgz",
      "integrity": "sha512-zbB9rCJAT1rbjiVDb2hqKFHNYLxgtk8NURxZ3IZwD3F6NtxbXZQCnnSi1Lkx+IDohdPlFp222wVALIheZJQSEg==",
      "dev": true,
      "dependencies": {
        "color-convert": "^2.0.1"
      },
      "engines": {
        "node": ">=8"
      },
      "funding": {
        "url": "https://github.com/chalk/ansi-styles?sponsor=1"
      }
    },
    "node_modules/bun-types": {
      "version": "1.2.2",
      "resolved": "https://registry.npmjs.org/bun-types/-/bun-types-1.2.2.tgz",
      "integrity": "sha512-RCbMH5elr9gjgDGDhkTTugA21XtJAy/9jkKe/G3WR2q17VPGhcquf9Sir6uay9iW+7P/BV0CAHA1XlHXMAVKHg==",
      "dev": true,
      "dependencies": {
        "@types/node": "*",
        "@types/ws": "~8.5.10"
      }
    },
    "node_modules/chalk": {
      "version": "4.1.2",
      "resolved": "https://registry.npmjs.org/chalk/-/chalk-4.1.2.tgz",
      "integrity": "sha512-oKnbhFyRIXpUuez8iBMmyEa4nbj4IOQyuhc/wy9kY7/WVPcwIO9VA668Pu8RkO7+0G76SLROeyw9CpQ061i4mA==",
      "dev": true,
      "dependencies": {
        "ansi-styles": "^4.1.0",
        "supports-color": "^7.1.0"
      },
      "engines": {
        "node": ">=10"
      },
      "funding": {
        "url": "https://github.com/chalk/chalk?sponsor=1"
      }
    },
    "node_modules/cliui": {
      "version": "8.0.1",
      "resolved": "https://registry.npmjs.org/cliui/-/cliui-8.0.1.tgz",
      "integrity": "sha512-BSeNnyus75C4//NQ9gQt1/csTXyo/8Sb+afLAkzAptFuMsod9HFokGNudZpi/oQV73hnVK+sR+5PVRMd+Dr7YQ==",
      "dev": true,
      "dependencies": {
        "string-width": "^4.2.0",
        "strip-ansi": "^6.0.1",
        "wrap-ansi": "^7.0.0"
      },
      "engines": {
        "node": ">=12"
      }
    },
    "node_modules/color-convert": {
      "version": "2.0.1",
      "resolved": "https://registry.npmjs.org/color-convert/-/color-convert-2.0.1.tgz",
      "integrity": "sha512-RRECPsj7iu/xb5oKYcsFHSppFNnsj/52OVTRKb4zP5onXwVF3zVmmToNcOfGC+CRDpfK/U584fMg38ZHCaElKQ==",
      "dev": true,
      "dependencies": {
        "color-name": "~1.1.4"
      },
      "engines": {
        "node": ">=7.0.0"
      }
    },
    "node_modules/color-name": {
      "version": "1.1.4",
      "resolved": "https://registry.npmjs.org/color-name/-/color-name-1.1.4.tgz",
      "integrity": "sha512-dOy+3AuW3a2wNbZHIuMZpTcgjGuLU/uBL/ubcZF9OXbDo8ff4O8yVp5Bf0efS8uEoYo5q4Fx7dY9OgQGXgAsQA==",
      "dev": true
    },
    "node_modules/consola": {
      "version": "3.4.0",
      "resolved": "https://registry.npmjs.org/consola/-/consola-3.4.0.tgz",
      "integrity": "sha512-EiPU8G6dQG0GFHNR8ljnZFki/8a+cQwEQ+7wpxdChl02Q8HXlwEZWD5lqAF8vC2sEC3Tehr8hy7vErz88LHyUA==",
      "engines": {
        "node": "^14.18.0 || >=16.10.0"
      }
    },
    "node_modules/cookie": {
      "version": "1.0.2",
      "resolved": "https://registry.npmjs.org/cookie/-/cookie-1.0.2.tgz",
      "integrity": "sha512-9Kr/j4O16ISv8zBBhJoi4bXOYNTkFLOqSL3UDB0njXxCXNezjeyVrJyGOWtgfs/q2km1gwBcfH8q1yEGoMYunA==",
      "engines": {
        "node": ">=18"
      }
    },
    "node_modules/csstype": {
      "version": "3.1.3",
      "resolved": "https://registry.npmjs.org/csstype/-/csstype-3.1.3.tgz",
      "integrity": "sha512-M1uQkMl8rQK/szD0LNhtqxIPLpimGm8sOBwU7lLnCpSbTyY3yeU1Vc7l4KT5zT4s/yOxHH5O7tIuuLOCnLADRw==",
      "dev": true
    },
    "node_modules/elysia": {
      "version": "1.2.12",
      "resolved": "https://registry.npmjs.org/elysia/-/elysia-1.2.12.tgz",
      "integrity": "sha512-X1bZo09qe8/Poa/5tz08Y+sE/77B/wLwnA5xDDENU3FCrsUtYJuBVcy6BPXGRCgnJ1fPQpc0Ov2ZU5MYJXluTg==",
      "dependencies": {
        "@sinclair/typebox": "^0.34.15",
        "cookie": "^1.0.2",
        "memoirist": "^0.3.0",
        "openapi-types": "^12.1.3"
      },
      "peerDependencies": {
        "@sinclair/typebox": ">= 0.34.0",
        "openapi-types": ">= 12.0.0",
        "typescript": ">= 5.0.0"
      },
      "peerDependenciesMeta": {
        "openapi-types": {
          "optional": true
        },
        "typescript": {
          "optional": true
        }
      }
    },
    "node_modules/emoji-regex": {
      "version": "8.0.0",
      "resolved": "https://registry.npmjs.org/emoji-regex/-/emoji-regex-8.0.0.tgz",
      "integrity": "sha512-MSjYzcWNOA0ewAHpz0MxpYFvwg6yjy1NG3xteoqz644VCo/RPgnr1/GGt+ic3iJTzQ8Eu3TdM14SawnVUmGE6A==",
      "dev": true
    },
    "node_modules/escalade": {
      "version": "3.2.0",
      "resolved": "https://registry.npmjs.org/escalade/-/escalade-3.2.0.tgz",
      "integrity": "sha512-WUj2qlxaQtO4g6Pq5c29GTcWGDyd8itL8zTlipgECz3JesAiiOKotd8JU6otB3PACgG6xkJUyVhboMS+bje/jA==",
      "dev": true,
      "engines": {
        "node": ">=6"
      }
    },
    "node_modules/get-caller-file": {
      "version": "2.0.5",
      "resolved": "https://registry.npmjs.org/get-caller-file/-/get-caller-file-2.0.5.tgz",
      "integrity": "sha512-DyFP3BM/3YHTQOCUL/w0OZHR0lpKeGrxotcHWcqNEdnltqFwXVfhEBQ94eIo34AfQpo0rGki4cyIiftY06h2Fg==",
      "dev": true,
      "engines": {
        "node": "6.* || 8.* || >= 10.*"
      }
    },
    "node_modules/has-flag": {
      "version": "4.0.0",
      "resolved": "https://registry.npmjs.org/has-flag/-/has-flag-4.0.0.tgz",
      "integrity": "sha512-EykJT/Q1KjTWctppgIAgfSO0tKVuZUjhgMr17kqTumMl6Afv3EISleU7qZUzoXDFTAHTDC4NOoG/ZxU3EvlMPQ==",
      "dev": true,
      "engines": {
        "node": ">=8"
      }
    },
    "node_modules/is-fullwidth-code-point": {
      "version": "3.0.0",
      "resolved": "https://registry.npmjs.org/is-fullwidth-code-point/-/is-fullwidth-code-point-3.0.0.tgz",
      "integrity": "sha512-zymm5+u+sCsSWyD9qNaejV3DFvhCKclKdizYaJUuHA83RLjb7nSuGnddCHGv0hk+KY7BMAlsWeK4Ueg6EV6XQg==",
      "dev": true,
      "engines": {
        "node": ">=8"
      }
    },
    "node_modules/memoirist": {
      "version": "0.3.0",
      "resolved": "https://registry.npmjs.org/memoirist/-/memoirist-0.3.0.tgz",
      "integrity": "sha512-wR+4chMgVPq+T6OOsk40u9Wlpw1Pjx66NMNiYxCQQ4EUJ7jDs3D9kTCeKdBOkvAiqXlHLVJlvYL01PvIJ1MPNg=="
    },
    "node_modules/openapi-types": {
      "version": "12.1.3",
      "resolved": "https://registry.npmjs.org/openapi-types/-/openapi-types-12.1.3.tgz",
      "integrity": "sha512-N4YtSYJqghVu4iek2ZUvcN/0aqH1kRDuNqzcycDxhOUpg7GdvLa2F3DgS6yBNhInhv2r/6I0Flkn7CqL8+nIcw=="
    },
    "node_modules/require-directory": {
      "version": "2.1.1",
      "resolved": "https://registry.npmjs.org/require-directory/-/require-directory-2.1.1.tgz",
      "integrity": "sha512-fGxEI7+wsG9xrvdjsrlmL22OMTTiHRwAMroiEeMgq8gzoLC/PQr7RsRDSTLUg/bZAZtF+TVIkHc6/4RIKrui+Q==",
      "dev": true,
      "engines": {
        "node": ">=0.10.0"
      }
    },
    "node_modules/string-width": {
      "version": "4.2.3",
      "resolved": "https://registry.npmjs.org/string-width/-/string-width-4.2.3.tgz",
      "integrity": "sha512-wKyQRQpjJ0sIp62ErSZdGsjMJWsap5oRNihHhu6G7JVO/9jIB6UyevL+tXuOqrng8j/cxKTWyWUwvSTriiZz/g==",
      "dev": true,
      "dependencies": {
        "emoji-regex": "^8.0.0",
        "is-fullwidth-code-point": "^3.0.0",
        "strip-ansi": "^6.0.1"
      },
      "engines": {
        "node": ">=8"
      }
    },
    "node_modules/strip-ansi": {
      "version": "6.0.1",
      "resolved": "https://registry.npmjs.org/strip-ansi/-/strip-ansi-6.0.1.tgz",
      "integrity": "sha512-Y38VPSHcqkFrCpFnQ9vuSXmquuv5oXOKpGeT6aGrr3o3Gc9AlVa6JBfUSOCnbxGGZF+/0ooI7KrPuUSztUdU5A==",
      "dev": true,
      "dependencies": {
        "ansi-regex": "^5.0.1"
      },
      "engines": {
        "node": ">=8"
      }
    },
    "node_modules/supports-color": {
      "version": "7.2.0",
      "resolved": "https://registry.npmjs.org/supports-color/-/supports-color-7.2.0.tgz",
      "integrity": "sha512-qpCAvRl9stuOHveKsn7HncJRvv501qIacKzQlO/+Lwxc9+0q2wLyv4Dfvt80/DPn2pqOBsJdDiogXGR9+OvwRw==",
      "dev": true,
      "dependencies": {
        "has-flag": "^4.0.0"
      },
      "engines": {
        "node": ">=8"
      }
    },
    "node_modules/tslib": {
      "version": "2.8.1",
      "resolved": "https://registry.npmjs.org/tslib/-/tslib-2.8.1.tgz",
      "integrity": "sha512-oJFu94HQb+KVduSUQL7wnpmqnfmLsOA/nAh6b6EH0wCEoK0/mPeXU6c3wKDV83MkOuHPRHtSXKKU99IBazS/2w==",
      "dev": true
    },
    "node_modules/typed-html": {
      "version": "3.0.1",
      "resolved": "https://registry.npmjs.org/typed-html/-/typed-html-3.0.1.tgz",
      "integrity": "sha512-JKCM9zTfPDuPqQqdGZBWSEiItShliKkBFg5c6yOR8zth43v763XkAzTWaOlVqc0Y6p9ee8AaAbipGfUnCsYZUA==",
      "dev": true,
      "engines": {
        "node": ">=12"
      }
    },
    "node_modules/typescript": {
      "version": "5.7.3",
      "resolved": "https://registry.npmjs.org/typescript/-/typescript-5.7.3.tgz",
      "integrity": "sha512-84MVSjMEHP+FQRPy3pX9sTVV/INIex71s9TL2Gm5FG/WG1SqXeKyZ0k7/blY/4FdOzI12CBy1vGc4og/eus0fw==",
      "devOptional": true,
      "peer": true,
      "bin": {
        "tsc": "bin/tsc",
        "tsserver": "bin/tsserver"
      },
      "engines": {
        "node": ">=14.17"
      }
    },
    "node_modules/uncrypto": {
      "version": "0.1.3",
      "resolved": "https://registry.npmjs.org/uncrypto/-/uncrypto-0.1.3.tgz",
      "integrity": "sha512-Ql87qFHB3s/De2ClA9e0gsnS6zXG27SkTiSJwjCc9MebbfapQfuPzumMIUMi38ezPZVNFcHI9sUIepeQfw8J8Q=="
    },
    "node_modules/undici-types": {
      "version": "6.20.0",
      "resolved": "https://registry.npmjs.org/undici-types/-/undici-types-6.20.0.tgz",
      "integrity": "sha512-Ny6QZ2Nju20vw1SRHe3d9jVu6gJ+4e3+MMpqu7pqE5HT6WsTSlce++GQmK5UXS8mzV8DSYHrQH+Xrf2jVcuKNg==",
      "dev": true
    },
    "node_modules/wrap-ansi": {
      "version": "7.0.0",
      "resolved": "https://registry.npmjs.org/wrap-ansi/-/wrap-ansi-7.0.0.tgz",
      "integrity": "sha512-YVGIj2kamLSTxw6NsZjoBxfSwsn0ycdesmc4p+Q21c5zPuZ1pl+NfxVdxPtdHvmNVOQ6XSYG4AUtyt/Fi7D16Q==",
      "dev": true,
      "dependencies": {
        "ansi-styles": "^4.0.0",
        "string-width": "^4.1.0",
        "strip-ansi": "^6.0.0"
      },
      "engines": {
        "node": ">=10"
      },
      "funding": {
        "url": "https://github.com/chalk/wrap-ansi?sponsor=1"
      }
    },
    "node_modules/y18n": {
      "version": "5.0.8",
      "resolved": "https://registry.npmjs.org/y18n/-/y18n-5.0.8.tgz",
      "integrity": "sha512-0pfFzegeDWJHJIAmTLRP2DwHjdF5s7jo9tuztdQxAhINCdvS+3nGINqPd00AphqJR/0LhANUS6/+7SCb98YOfA==",
      "dev": true,
      "engines": {
        "node": ">=10"
      }
    },
    "node_modules/yargs": {
      "version": "17.7.2",
      "resolved": "https://registry.npmjs.org/yargs/-/yargs-17.7.2.tgz",
      "integrity": "sha512-7dSzzRQ++CKnNI/krKnYRV7JKKPUXMEh61soaHKg9mrWEhzFWhFnxPxGl+69cD1Ou63C13NUPCnmIcrvqCuM6w==",
      "dev": true,
      "dependencies": {
        "cliui": "^8.0.1",
        "escalade": "^3.1.1",
        "get-caller-file": "^2.0.5",
        "require-directory": "^2.1.1",
        "string-width": "^4.2.3",
        "y18n": "^5.0.5",
        "yargs-parser": "^21.1.1"
      },
      "engines": {
        "node": ">=12"
      }
    },
    "node_modules/yargs-parser": {
      "version": "21.1.1",
      "resolved": "https://registry.npmjs.org/yargs-parser/-/yargs-parser-21.1.1.tgz",
      "integrity": "sha512-tVpsJW7DdjecAiFpbIB1e3qxIQsE6NoPc5/eTdrbbIC4h0LVsWhnoa3g+m2HclBIujHzsxZ4VJVA+GUuc2/LBw==",
      "dev": true,
      "engines": {
        "node": ">=12"
      }
    }
  }
}
